# This file is automatically @generated by Cargo.
# It is not intended for manual editing.
version = 4

[[package]]
name = "fearless_simd"
version = "0.4.1"
source = "registry+https://github.com/rust-lang/crates.io-index"
checksum = "b97b65636e5b9ef369943878ac74335ba1c55c1cb6adbf1e2c293c624248d693"

[[package]]
name = "hayro-jpeg2000"
version = "0.4.0"
dependencies = [
 "fearless_simd",
]

[[package]]
name = "jpeg2000-wasm"
version = "1.0.0"
dependencies = [
 "hayro-jpeg2000",
]
